# This file was autogenerated by Stack.
# You should not edit this file by hand.
# For more information, please see the documentation at:
#   https://docs.haskellstack.org/en/stable/lock_files

packages:
- completed:
    hackage: extra-1.7.16@sha256:edd191f77adf31acb1b53960b4d1ca9fca925ac28345a396c614414cb7bfa7ec,2717
    pantry-tree:
      sha256: b520444dbfb5b174ba6be350960717dfa3d97c9738c0ac01955fc2d29b6f5e24
      size: 1960
  original:
    hackage: extra-1.7.16
snapshots:
- completed:
    sha256: 8699812d2b2c1f83d6ad1261de9cf628ed36a1cfc14f19d67188e005e7a3a39d
    size: 586106
    url: https://raw.githubusercontent.com/commercialhaskell/stackage-snapshots/master/lts/18/20.yaml
  original:
    url: https://raw.githubusercontent.com/commercialhaskell/stackage-snapshots/master/lts/18/20.yaml
