# This file was autogenerated by Stack.
# You should not edit this file by hand.
# For more information, please see the documentation at:
#   https://docs.haskellstack.org/en/stable/lock_files

packages:
- completed:
    hackage: extra-1.7.9@sha256:f1dec740f0f2025790c540732bfd52c556ec55bde4f5dfd7cf18e22bd44ff3d0,2683
    pantry-tree:
      sha256: b55085710e438d198b3552b9eeba2199cd986e326c755a7449f7d171bcb7effc
      size: 1896
  original:
    hackage: extra-1.7.9
snapshots:
- completed:
    sha256: 8699812d2b2c1f83d6ad1261de9cf628ed36a1cfc14f19d67188e005e7a3a39d
    size: 586106
    url: https://raw.githubusercontent.com/commercialhaskell/stackage-snapshots/master/lts/18/20.yaml
  original:
    url: https://raw.githubusercontent.com/commercialhaskell/stackage-snapshots/master/lts/18/20.yaml
