
Microsoft Visual Studio Solution File, Format Version 12.00
# Visual Studio 15
VisualStudioVersion = 15.0.26124.0
MinimumVisualStudioVersion = 15.0.26124.0
Project("{F2A71F9B-5D33-465A-A702-920D77279786}") = "FsSearch", "FsSearch\FsSearch.fsproj", "{0611BE46-16C5-46E0-8084-E563CC240D8A}"
EndProject
Project("{F2A71F9B-5D33-465A-A702-920D77279786}") = "FsSearchTests", "FsSearchTests\FsSearchTests.fsproj", "{3396DEDC-074A-4C0B-83F2-3A54AF918A2E}"
EndProject
Project("{F2A71F9B-5D33-465A-A702-920D77279786}") = "FsSearchLib", "FsSearchLib\FsSearchLib.fsproj", "{D940B14D-1893-4A10-B1B6-66A05B2EF8A1}"
EndProject
Global
	GlobalSection(SolutionConfigurationPlatforms) = preSolution
		Debug|Any CPU = Debug|Any CPU
		Debug|x64 = Debug|x64
		Debug|x86 = Debug|x86
		Release|Any CPU = Release|Any CPU
		Release|x64 = Release|x64
		Release|x86 = Release|x86
	EndGlobalSection
	GlobalSection(SolutionProperties) = preSolution
		HideSolutionNode = FALSE
	EndGlobalSection
	GlobalSection(ProjectConfigurationPlatforms) = postSolution
		{0611BE46-16C5-46E0-8084-E563CC240D8A}.Debug|Any CPU.ActiveCfg = Debug|Any CPU
		{0611BE46-16C5-46E0-8084-E563CC240D8A}.Debug|Any CPU.Build.0 = Debug|Any CPU
		{0611BE46-16C5-46E0-8084-E563CC240D8A}.Debug|x64.ActiveCfg = Debug|Any CPU
		{0611BE46-16C5-46E0-8084-E563CC240D8A}.Debug|x64.Build.0 = Debug|Any CPU
		{0611BE46-16C5-46E0-8084-E563CC240D8A}.Debug|x86.ActiveCfg = Debug|Any CPU
		{0611BE46-16C5-46E0-8084-E563CC240D8A}.Debug|x86.Build.0 = Debug|Any CPU
		{0611BE46-16C5-46E0-8084-E563CC240D8A}.Release|Any CPU.ActiveCfg = Release|Any CPU
		{0611BE46-16C5-46E0-8084-E563CC240D8A}.Release|Any CPU.Build.0 = Release|Any CPU
		{0611BE46-16C5-46E0-8084-E563CC240D8A}.Release|x64.ActiveCfg = Release|Any CPU
		{0611BE46-16C5-46E0-8084-E563CC240D8A}.Release|x64.Build.0 = Release|Any CPU
		{0611BE46-16C5-46E0-8084-E563CC240D8A}.Release|x86.ActiveCfg = Release|Any CPU
		{0611BE46-16C5-46E0-8084-E563CC240D8A}.Release|x86.Build.0 = Release|Any CPU
		{3396DEDC-074A-4C0B-83F2-3A54AF918A2E}.Debug|Any CPU.ActiveCfg = Debug|Any CPU
		{3396DEDC-074A-4C0B-83F2-3A54AF918A2E}.Debug|Any CPU.Build.0 = Debug|Any CPU
		{3396DEDC-074A-4C0B-83F2-3A54AF918A2E}.Debug|x64.ActiveCfg = Debug|Any CPU
		{3396DEDC-074A-4C0B-83F2-3A54AF918A2E}.Debug|x64.Build.0 = Debug|Any CPU
		{3396DEDC-074A-4C0B-83F2-3A54AF918A2E}.Debug|x86.ActiveCfg = Debug|Any CPU
		{3396DEDC-074A-4C0B-83F2-3A54AF918A2E}.Debug|x86.Build.0 = Debug|Any CPU
		{3396DEDC-074A-4C0B-83F2-3A54AF918A2E}.Release|Any CPU.ActiveCfg = Release|Any CPU
		{3396DEDC-074A-4C0B-83F2-3A54AF918A2E}.Release|Any CPU.Build.0 = Release|Any CPU
		{3396DEDC-074A-4C0B-83F2-3A54AF918A2E}.Release|x64.ActiveCfg = Release|Any CPU
		{3396DEDC-074A-4C0B-83F2-3A54AF918A2E}.Release|x64.Build.0 = Release|Any CPU
		{3396DEDC-074A-4C0B-83F2-3A54AF918A2E}.Release|x86.ActiveCfg = Release|Any CPU
		{3396DEDC-074A-4C0B-83F2-3A54AF918A2E}.Release|x86.Build.0 = Release|Any CPU
		{D940B14D-1893-4A10-B1B6-66A05B2EF8A1}.Debug|Any CPU.ActiveCfg = Debug|Any CPU
		{D940B14D-1893-4A10-B1B6-66A05B2EF8A1}.Debug|Any CPU.Build.0 = Debug|Any CPU
		{D940B14D-1893-4A10-B1B6-66A05B2EF8A1}.Debug|x64.ActiveCfg = Debug|Any CPU
		{D940B14D-1893-4A10-B1B6-66A05B2EF8A1}.Debug|x64.Build.0 = Debug|Any CPU
		{D940B14D-1893-4A10-B1B6-66A05B2EF8A1}.Debug|x86.ActiveCfg = Debug|Any CPU
		{D940B14D-1893-4A10-B1B6-66A05B2EF8A1}.Debug|x86.Build.0 = Debug|Any CPU
		{D940B14D-1893-4A10-B1B6-66A05B2EF8A1}.Release|Any CPU.ActiveCfg = Release|Any CPU
		{D940B14D-1893-4A10-B1B6-66A05B2EF8A1}.Release|Any CPU.Build.0 = Release|Any CPU
		{D940B14D-1893-4A10-B1B6-66A05B2EF8A1}.Release|x64.ActiveCfg = Release|Any CPU
		{D940B14D-1893-4A10-B1B6-66A05B2EF8A1}.Release|x64.Build.0 = Release|Any CPU
		{D940B14D-1893-4A10-B1B6-66A05B2EF8A1}.Release|x86.ActiveCfg = Release|Any CPU
		{D940B14D-1893-4A10-B1B6-66A05B2EF8A1}.Release|x86.Build.0 = Release|Any CPU
	EndGlobalSection
EndGlobal
