<?xml version="1.0" encoding="UTF-8"?>
<Scheme
   LastUpgradeVersion = "1200"
   version = "1.3">
   <BuildAction
      parallelizeBuildables = "YES"
      buildImplicitDependencies = "YES">
      <BuildActionEntries>
         <BuildActionEntry
            buildForTesting = "YES"
            buildForRunning = "YES"
            buildForProfiling = "YES"
            buildForArchiving = "YES"
            buildForAnalyzing = "YES">
            <BuildableReference
               BuildableIdentifier = "primary"
               BlueprintIdentifier = "4A0E23FC200895CD00E73BAD"
               BuildableName = "objcsearch"
               BlueprintName = "objcsearch"
               ReferencedContainer = "container:objcsearch.xcodeproj">
            </BuildableReference>
         </BuildActionEntry>
      </BuildActionEntries>
   </BuildAction>
   <TestAction
      buildConfiguration = "Debug"
      selectedDebuggerIdentifier = "Xcode.DebuggerFoundation.Debugger.LLDB"
      selectedLauncherIdentifier = "Xcode.DebuggerFoundation.Launcher.LLDB"
      shouldUseLaunchSchemeArgsEnv = "YES">
      <MacroExpansion>
         <BuildableReference
            BuildableIdentifier = "primary"
            BlueprintIdentifier = "4A0E23FC200895CD00E73BAD"
            BuildableName = "objcsearch"
            BlueprintName = "objcsearch"
            ReferencedContainer = "container:objcsearch.xcodeproj">
         </BuildableReference>
      </MacroExpansion>
      <Testables>
      </Testables>
   </TestAction>
   <LaunchAction
      buildConfiguration = "Debug"
      selectedDebuggerIdentifier = "Xcode.DebuggerFoundation.Debugger.LLDB"
      selectedLauncherIdentifier = "Xcode.DebuggerFoundation.Launcher.LLDB"
      launchStyle = "0"
      useCustomWorkingDirectory = "NO"
      ignoresPersistentStateOnLaunch = "NO"
      debugDocumentVersioning = "YES"
      debugServiceExtension = "internal"
      allowLocationSimulation = "YES">
      <BuildableProductRunnable
         runnableDebuggingMode = "0">
         <BuildableReference
            BuildableIdentifier = "primary"
            BlueprintIdentifier = "4A0E23FC200895CD00E73BAD"
            BuildableName = "objcsearch"
            BlueprintName = "objcsearch"
            ReferencedContainer = "container:objcsearch.xcodeproj">
         </BuildableReference>
      </BuildableProductRunnable>
      <CommandLineArguments>
         <CommandLineArgument
            argument = "--debug"
            isEnabled = "YES">
         </CommandLineArgument>
         <CommandLineArgument
            argument = "-e &quot;UTF-8&quot;"
            isEnabled = "YES">
         </CommandLineArgument>
         <CommandLineArgument
            argument = "-s Search"
            isEnabled = "YES">
         </CommandLineArgument>
         <CommandLineArgument
            argument = "-x h,m"
            isEnabled = "YES">
         </CommandLineArgument>
         <CommandLineArgument
            argument = "-x o"
            isEnabled = "NO">
         </CommandLineArgument>
         <CommandLineArgument
            argument = "~/src/xsearch/objc/objcsearch"
            isEnabled = "YES">
         </CommandLineArgument>
         <CommandLineArgument
            argument = "--listdirs"
            isEnabled = "NO">
         </CommandLineArgument>
         <CommandLineArgument
            argument = "--listfiles"
            isEnabled = "NO">
         </CommandLineArgument>
         <CommandLineArgument
            argument = "--listlines"
            isEnabled = "NO">
         </CommandLineArgument>
         <CommandLineArgument
            argument = "-u"
            isEnabled = "NO">
         </CommandLineArgument>
         <CommandLineArgument
            argument = "-l 5"
            isEnabled = "NO">
         </CommandLineArgument>
         <CommandLineArgument
            argument = "-L 5"
            isEnabled = "NO">
         </CommandLineArgument>
         <CommandLineArgument
            argument = "--in-linesbeforepattern Search"
            isEnabled = "NO">
         </CommandLineArgument>
         <CommandLineArgument
            argument = "--in-linesafterpattern Search"
            isEnabled = "NO">
         </CommandLineArgument>
         <CommandLineArgument
            argument = "--out-linesbeforepattern FileType"
            isEnabled = "NO">
         </CommandLineArgument>
         <CommandLineArgument
            argument = "--out-linesafterpattern Result"
            isEnabled = "NO">
         </CommandLineArgument>
         <CommandLineArgument
            argument = "-t CODE"
            isEnabled = "NO">
         </CommandLineArgument>
         <CommandLineArgument
            argument = "-T XML"
            isEnabled = "NO">
         </CommandLineArgument>
      </CommandLineArguments>
   </LaunchAction>
   <ProfileAction
      buildConfiguration = "Release"
      shouldUseLaunchSchemeArgsEnv = "YES"
      savedToolIdentifier = ""
      useCustomWorkingDirectory = "NO"
      debugDocumentVersioning = "YES">
      <BuildableProductRunnable
         runnableDebuggingMode = "0">
         <BuildableReference
            BuildableIdentifier = "primary"
            BlueprintIdentifier = "4A0E23FC200895CD00E73BAD"
            BuildableName = "objcsearch"
            BlueprintName = "objcsearch"
            ReferencedContainer = "container:objcsearch.xcodeproj">
         </BuildableReference>
      </BuildableProductRunnable>
   </ProfileAction>
   <AnalyzeAction
      buildConfiguration = "Debug">
   </AnalyzeAction>
   <ArchiveAction
      buildConfiguration = "Release"
      revealArchiveInOrganizer = "YES">
   </ArchiveAction>
</Scheme>
