github.com/pmylund/sortutil v0.0.0-20120526081524-abeda66eb583 h1:ogHi8YLNeIxABOaH6UgtbwkODheuAK+ErP8gWXYQVj0=
github.com/pmylund/sortutil v0.0.0-20120526081524-abeda66eb583/go.mod h1:sFPiU/UgDcsQVu3vkqpZLCXWFwUoQRpHGu9ATihPAl0=
golang.org/x/text v0.14.0 h1:ScX5w1eTa3QqT8oi6+ziP7dTV1S2+ALU0bI+0zXKWiQ=
golang.org/x/text v0.14.0/go.mod h1:18ZOQIKpY8NJVqYksKHtTdi31H5itFRjB5/qKTNYzSU=
golang.org/x/text v0.16.0 h1:a94ExnEXNtEwYLGJSIUxnWoxoRz/ZcCsV63ROupILh4=
golang.org/x/text v0.16.0/go.mod h1:GhwF1Be+LQoKShO3cGOHzqOgRrGaYc9AvblQOmPVHnI=
